github.com/BurntSushi/toml v0.3.0/go.mod h1:xHWCNGjB5oqiDr8zfno3MHue2Ht5sIBksp03qcyfWMU=
github.com/DataDrake/cli-ng/v2 v2.0.2/go.mod h1:bU9YaNNWWVq0eIdDsU3TCe9+7Jb398iBBoqee5EiKWQ=
github.com/DataDrake/cuppa v1.1.1-0.20210306020014-480be4e72c83 h1:roPGpVAnNBigQN7Tb19ao7hS2XyN7EteNJUQm/sfvnI=
github.com/DataDrake/cuppa v1.1.1-0.20210306020014-480be4e72c83/go.mod h1:2bqE1SBY5pQoeg6ZJrw8zdYp/JSXUT73h1Qkr28su8c=
github.com/DataDrake/waterlog v1.0.5/go.mod h1:LUv2H3zT/FSN3SNoK/acxHKEaRjI6d+Sio85BfxNOG8=
github.com/davecgh/go-spew v1.1.0/go.mod h1:J7Y8YcW2NihsgmVo/mv3lAwl/skON4iLHjSsI+c5H38=
github.com/davecgh/go-spew v1.1.1/go.mod h1:J7Y8YcW2NihsgmVo/mv3lAwl/skON4iLHjSsI+c5H38=
github.com/golang/lint v0.0.0-20181217174547-8f45f776aaf1/go.mod h1:tluoj9z5200jBnyusfRPU2LqT6J+DAorxEvtC7LHB+E=
github.com/jlaffaye/ftp v0.0.0-20181101112434-47f21d10f0ee/go.mod h1:lli8NYPQOFy3O++YmYbqVgOcQ1JPCwdOy+5zSjKJ9qY=
github.com/pmezard/go-difflib v1.0.0/go.mod h1:iKH77koFhYxTK1pcRnkKkqfTogsbg7gZNVY4sRDYZ/4=
github.com/stretchr/objx v0.1.0/go.mod h1:HFkY916IF+rwdDfMAkV7OtwuqBVzrE8GR6GFx+wExME=
github.com/stretchr/testify v1.6.1/go.mod h1:6Fq8oRcR53rry900zMqJjRRixrwX3KX962/h/Wwjteg=
golang.org/x/lint v0.0.0-20181217174547-8f45f776aaf1/go.mod h1:UVdnD1Gm6xHRNCYTkRU2/jEulfH38KcIWyp/GAMgvoE=
golang.org/x/tools v0.0.0-20181221235234-d00ac6d27372/go.mod h1:n7NCudcB/nEzxVGmLbDWY5pfWTLqBcC2KZ6jyYvM4mQ=
gopkg.in/check.v1 v0.0.0-20161208181325-20d25e280405/go.mod h1:Co6ibVJAznAaIkqp8huTwlJQCZ016jof/cbN4VW5Yz0=
gopkg.in/yaml.v3 v3.0.0-20200313102051-9f266ea9e77c/go.mod h1:K4uyk7z7BCEPqu6E+C64Yfv1cQ7kz7rIZviUmN+EgEM=
